{
  "name": "property-pane-portal",
  "version": "0.2.1",
  "lockfileVersion": 1,
  "requires": true,
  "dependencies": {
    "@fluentui/date-time-utilities": {
      "version": "7.9.1",
      "resolved": "https://registry.npmjs.org/@fluentui/date-time-utilities/-/date-time-utilities-7.9.1.tgz",
      "integrity": "sha512-o8iU1VIY+QsqVRWARKiky29fh4KR1xaKSgMClXIi65qkt8EDDhjmlzL0KVDEoDA2GWukwb/1PpaVCWDg4v3cUQ==",
      "dev": true,
      "requires": {
        "@uifabric/set-version": "^7.0.24",
        "tslib": "^1.10.0"
      }
    },
    "@fluentui/dom-utilities": {
      "version": "1.1.2",
      "resolved": "https://registry.npmjs.org/@fluentui/dom-utilities/-/dom-utilities-1.1.2.tgz",
      "integrity": "sha512-XqPS7l3YoMwxdNlaYF6S2Mp0K3FmVIOIy2K3YkMc+eRxu9wFK6emr2Q/3rBhtG5u/On37NExRT7/5CTLnoi9gw==",
      "dev": true,
      "requires": {
        "@uifabric/set-version": "^7.0.24",
        "tslib": "^1.10.0"
      }
    },
    "@fluentui/keyboard-key": {
      "version": "0.2.17",
      "resolved": "https://registry.npmjs.org/@fluentui/keyboard-key/-/keyboard-key-0.2.17.tgz",
      "integrity": "sha512-iT1bU56rKrKEOfODoW6fScY11qj3iaYrZ+z11T6fo5+TDm84UGkkXjLXJTE57ZJzg0/gbccHQWYv+chY7bJN8Q==",
      "dev": true,
      "requires": {
        "tslib": "^1.10.0"
      }
    },
    "@fluentui/react-focus": {
      "version": "7.18.1",
      "resolved": "https://registry.npmjs.org/@fluentui/react-focus/-/react-focus-7.18.1.tgz",
      "integrity": "sha512-WXXkMR3t5mr9m5hg5vRWH/JZ+kaZmbuTGpTA7E7uc+Ag/RZfG/uVN+ZwBdDpP6Xg7+6f3wlkGCBtY/UDcW6qmw==",
      "dev": true,
      "requires": {
        "@fluentui/keyboard-key": "^0.2.12",
        "@uifabric/merge-styles": "^7.19.2",
        "@uifabric/set-version": "^7.0.24",
        "@uifabric/styling": "^7.20.0",
        "@uifabric/utilities": "^7.33.5",
        "tslib": "^1.10.0"
      }
    },
    "@fluentui/react-window-provider": {
      "version": "1.0.2",
      "resolved": "https://registry.npmjs.org/@fluentui/react-window-provider/-/react-window-provider-1.0.2.tgz",
      "integrity": "sha512-fGSgL3Vp/+6t1Ysfz21FWZmqsU+iFVxOigvHnm5uKVyyRPwtaabv/F6kQ2y5isLMI2YmJaUd2i0cDJKu8ggrvw==",
      "dev": true,
      "requires": {
        "@uifabric/set-version": "^7.0.24",
        "tslib": "^1.10.0"
      }
    },
    "@fluentui/theme": {
      "version": "1.7.4",
      "resolved": "https://registry.npmjs.org/@fluentui/theme/-/theme-1.7.4.tgz",
      "integrity": "sha512-o4eo7lstLxxXl1g2RR9yz18Yt8yjQO/LbQuZjsiAfv/4Bf0CRnb+3j1F7gxIdBWAchKj9gzaMpIFijfI98pvYQ==",
      "dev": true,
      "requires": {
        "@uifabric/merge-styles": "^7.19.2",
        "@uifabric/set-version": "^7.0.24",
        "@uifabric/utilities": "^7.33.5",
        "tslib": "^1.10.0"
      }
    },
    "@microsoft/load-themed-styles": {
      "version": "1.10.242",
      "resolved": "https://registry.npmjs.org/@microsoft/load-themed-styles/-/load-themed-styles-1.10.242.tgz",
      "integrity": "sha512-+uhhXr7BqYDD+ZZmVhtEZkc2e5x8zUe39ELtcN7qNm3I5ru7e8VTe0CBInIkhpXHIJJ4jqBcp0NqdcC4axxOiw==",
      "dev": true
    },
    "@microsoft/microsoft-graph-client": {
      "version": "1.1.0",
      "resolved": "https://registry.npmjs.org/@microsoft/microsoft-graph-client/-/microsoft-graph-client-1.1.0.tgz",
      "integrity": "sha512-sDgchKZz1l3QJVNdkE1P1KpwTjupNt1mS9h1T0CiP+ayMN7IeFKfElB8IYtxFplNalZTmEq+iqoQFqUVpVMLfQ==",
      "dev": true,
      "requires": {
        "es6-promise": "^4.1.0",
        "isomorphic-fetch": "^2.2.1"
      }
    },
    "@microsoft/office-ui-fabric-react-bundle": {
      "version": "1.13.1",
      "resolved": "https://registry.npmjs.org/@microsoft/office-ui-fabric-react-bundle/-/office-ui-fabric-react-bundle-1.13.1.tgz",
      "integrity": "sha512-Tt99MShwPSqULImwsXT0umaG7mPTEwqbKq4ZvVJPjkydkpDZBTeDV6C+oGpqSa+wrbOi3Sk94Vyb71tY92W0VA==",
      "dev": true,
      "requires": {
        "@microsoft/sp-core-library": "1.13.1",
        "@uifabric/icons": "7.6.0",
        "office-ui-fabric-react": "7.176.2",
        "react": "16.13.1",
        "react-dom": "16.13.1",
        "tslib": "~1.10.0"
      }
    },
    "@microsoft/sp-component-base": {
      "version": "1.13.1",
      "resolved": "https://registry.npmjs.org/@microsoft/sp-component-base/-/sp-component-base-1.13.1.tgz",
      "integrity": "sha512-8jcxFs7GRPO4xyqs0U9bhxG0iS+5a2yCF0XanauzK5yweIVCjGUGatM581ynCP0hD+HshtdEYV0Y2zMZ9OGZxQ==",
      "dev": true,
      "requires": {
        "@microsoft/office-ui-fabric-react-bundle": "1.13.1",
        "@microsoft/sp-core-library": "1.13.1",
        "@microsoft/sp-diagnostics": "1.13.1",
        "@microsoft/sp-dynamic-data": "1.13.1",
        "@microsoft/sp-http": "1.13.1",
        "@microsoft/sp-lodash-subset": "1.13.1",
        "@microsoft/sp-module-interfaces": "1.13.1",
        "@microsoft/sp-page-context": "1.13.1",
        "tslib": "~1.10.0"
      }
    },
    "@microsoft/sp-core-library": {
      "version": "1.13.1",
      "resolved": "https://registry.npmjs.org/@microsoft/sp-core-library/-/sp-core-library-1.13.1.tgz",
      "integrity": "sha512-qTBMa3whxhMXn79YS2S+jq+a+iAId9v+WvZOvcgre4dI/7LL7zPhbsHQTfWhzzuB4f2tPxkldHO8eOv63Ud68Q==",
      "dev": true,
      "requires": {
        "@microsoft/sp-lodash-subset": "1.13.1",
        "@microsoft/sp-module-interfaces": "1.13.1",
        "@microsoft/sp-odata-types": "1.13.1",
        "tslib": "~1.10.0"
      }
    },
    "@microsoft/sp-diagnostics": {
      "version": "1.13.1",
      "resolved": "https://registry.npmjs.org/@microsoft/sp-diagnostics/-/sp-diagnostics-1.13.1.tgz",
      "integrity": "sha512-KhzJo8kGL1M92WSDPhLlWyEnyAnkiRNMyQBb4eB9EYB8yZMhM2iBPpflIzatuJSOyNmq3jfmBS4G/ASg1tzyiQ==",
      "dev": true,
      "requires": {
        "@microsoft/sp-core-library": "1.13.1",
        "@microsoft/sp-lodash-subset": "1.13.1"
      }
    },
    "@microsoft/sp-dynamic-data": {
      "version": "1.13.1",
      "resolved": "https://registry.npmjs.org/@microsoft/sp-dynamic-data/-/sp-dynamic-data-1.13.1.tgz",
      "integrity": "sha512-x3Fk6dC5JgUOKhiFQ5JphMf9k+IhpLEWWk1bsmsLak3pCWeY9Xp3kR3SlrdPGaFtoa3wbFlEsYZ8Log+ut0b1w==",
      "dev": true,
      "requires": {
        "@microsoft/sp-core-library": "1.13.1",
        "@microsoft/sp-diagnostics": "1.13.1",
        "@microsoft/sp-lodash-subset": "1.13.1",
        "@microsoft/sp-module-interfaces": "1.13.1",
        "tslib": "~1.10.0"
      }
    },
    "@microsoft/sp-http": {
      "version": "1.13.1",
      "resolved": "https://registry.npmjs.org/@microsoft/sp-http/-/sp-http-1.13.1.tgz",
      "integrity": "sha512-MhlFCOhFUUt7HpG3oa9LSu7O1dqmyJfU2Zmk+uPrUnudy5JIL2K83g5rv2TK8YeGXDXxKEmqZsOsWP4ZHbo9YQ==",
      "dev": true,
      "requires": {
        "@microsoft/microsoft-graph-client": "~1.1.0",
        "@microsoft/sp-core-library": "1.13.1",
        "@microsoft/sp-diagnostics": "1.13.1",
        "@types/adal-angular": "1.0.1",
        "adal-angular": "1.0.16",
        "msal": "1.4.13",
        "msalLegacy": "npm:msal@1.4.12",
        "tslib": "~1.10.0"
      }
    },
    "@microsoft/sp-lodash-subset": {
      "version": "1.13.1",
      "resolved": "https://registry.npmjs.org/@microsoft/sp-lodash-subset/-/sp-lodash-subset-1.13.1.tgz",
      "integrity": "sha512-SXRG4KO0k/VVqWwkFFpC0177GxOOZ8jvsJHkg+i42+FyHGs5Uu4itffLarraGnPMokZLxHpkig9xRc8ZDytN7A==",
      "dev": true,
      "requires": {
        "@types/lodash": "4.14.117",
        "tslib": "~1.10.0"
      }
    },
    "@microsoft/sp-module-interfaces": {
      "version": "1.13.1",
      "resolved": "https://registry.npmjs.org/@microsoft/sp-module-interfaces/-/sp-module-interfaces-1.13.1.tgz",
      "integrity": "sha512-qrzmQW+T/2+s9/Lu1I0G1chF5DPN4xcR7znn3N3IjuM67o6E4cdvKel+m66mrqqzSGfo4qmCb6lGYTTYZsS3vw==",
      "dev": true
    },
    "@microsoft/sp-odata-types": {
      "version": "1.13.1",
      "resolved": "https://registry.npmjs.org/@microsoft/sp-odata-types/-/sp-odata-types-1.13.1.tgz",
      "integrity": "sha512-+dHWQY4E44OT/2E8c+lsSAxQJiRiRgk4jLLpNeOj/NzlydS8D85iUyOGlKfbmRu/6ujrc31/L77juKKzPQh7kw==",
      "dev": true,
      "requires": {
        "tslib": "~1.10.0"
      }
    },
    "@microsoft/sp-page-context": {
      "version": "1.13.1",
      "resolved": "https://registry.npmjs.org/@microsoft/sp-page-context/-/sp-page-context-1.13.1.tgz",
      "integrity": "sha512-BO8I0TWCaubYpMKZ3/eTeGC/tx1nRirk2ulkQ/ggk2PhuKJo6NGcXKo/JHe48Mje4Yh4d1r5FkjUGHoqKK3ruA==",
      "dev": true,
      "requires": {
        "@microsoft/sp-core-library": "1.13.1",
        "@microsoft/sp-diagnostics": "1.13.1",
        "@microsoft/sp-dynamic-data": "1.13.1",
        "@microsoft/sp-lodash-subset": "1.13.1",
        "@microsoft/sp-odata-types": "1.13.1",
        "tslib": "~1.10.0"
      }
    },
    "@microsoft/sp-property-pane": {
      "version": "1.13.1",
      "resolved": "https://registry.npmjs.org/@microsoft/sp-property-pane/-/sp-property-pane-1.13.1.tgz",
      "integrity": "sha512-eRqnrZGGv0nhDw4JdIi6wxCInFP2zlEZXMDFNaCTFJwM/ritRqGrHyVTxviENg7PXC5TTkVvIM9Hk/cNISRftg==",
      "dev": true,
      "requires": {
        "@microsoft/office-ui-fabric-react-bundle": "1.13.1",
        "@microsoft/sp-component-base": "1.13.1",
        "@microsoft/sp-core-library": "1.13.1",
        "@microsoft/sp-diagnostics": "1.13.1",
        "@microsoft/sp-dynamic-data": "1.13.1",
        "@microsoft/sp-lodash-subset": "1.13.1",
        "office-ui-fabric-react": "7.176.2",
        "react": "16.13.1",
        "react-dom": "16.13.1",
        "tslib": "~1.10.0"
      }
    },
    "@types/adal-angular": {
      "version": "1.0.1",
      "resolved": "https://registry.npmjs.org/@types/adal-angular/-/adal-angular-1.0.1.tgz",
      "integrity": "sha512-2sRGxJYrluhvIz8ae98i5k5woe9Fics4dMFHTcNfY2xAkj5QGZor+sfZzlgM58Fpw7Kklau9Gn6OhgJP25dKug==",
      "dev": true
    },
    "@types/lodash": {
      "version": "4.14.117",
      "resolved": "https://registry.npmjs.org/@types/lodash/-/lodash-4.14.117.tgz",
      "integrity": "sha512-xyf2m6tRbz8qQKcxYZa7PA4SllYcay+eh25DN3jmNYY6gSTL7Htc/bttVdkqj2wfJGbeWlQiX8pIyJpKU+tubw==",
      "dev": true
    },
    "@types/prop-types": {
      "version": "15.7.4",
      "resolved": "https://registry.npmjs.org/@types/prop-types/-/prop-types-15.7.4.tgz",
      "integrity": "sha512-rZ5drC/jWjrArrS8BR6SIr4cWpW09RNTYt9AMZo3Jwwif+iacXAqgVjm0B0Bv/S1jhDXKHqRVNCbACkJ89RAnQ==",
      "dev": true
    },
    "@types/react": {
      "version": "16.9.51",
      "resolved": "https://registry.npmjs.org/@types/react/-/react-16.9.51.tgz",
      "integrity": "sha512-lQa12IyO+DMlnSZ3+AGHRUiUcpK47aakMMoBG8f7HGxJT8Yfe+WE128HIXaHOHVPReAW0oDS3KAI0JI2DDe1PQ==",
      "dev": true,
      "requires": {
        "@types/prop-types": "*",
        "csstype": "^3.0.2"
      }
    },
    "@types/react-dom": {
      "version": "16.9.8",
      "resolved": "https://registry.npmjs.org/@types/react-dom/-/react-dom-16.9.8.tgz",
      "integrity": "sha512-ykkPQ+5nFknnlU6lDd947WbQ6TE3NNzbQAkInC2EKY1qeYdTKp7onFusmYZb+ityzx2YviqT6BXSu+LyWWJwcA==",
      "dev": true,
      "requires": {
        "@types/react": "*"
      }
    },
    "@uifabric/foundation": {
      "version": "7.10.1",
      "resolved": "https://registry.npmjs.org/@uifabric/foundation/-/foundation-7.10.1.tgz",
      "integrity": "sha512-Op05qHLBFEieT4+fG8OgpzqDHTQyei1dgVXDd6M4VS6CFJ5ZIPtC7Lwi+ZlkPkwUwccQ9mijuQumzpNKdv035A==",
      "dev": true,
      "requires": {
        "@uifabric/merge-styles": "^7.19.2",
        "@uifabric/set-version": "^7.0.24",
        "@uifabric/styling": "^7.20.0",
        "@uifabric/utilities": "^7.33.5",
        "tslib": "^1.10.0"
      }
    },
    "@uifabric/icons": {
      "version": "7.6.0",
      "resolved": "https://registry.npmjs.org/@uifabric/icons/-/icons-7.6.0.tgz",
      "integrity": "sha512-Xx+CVMYOafJDijllYYkgE22lvKpKaodrB9XUgVSI77QveGcOV+x9z5FVa5CzwERb6Zjoafyj7q7SmH/EOi+AZw==",
      "dev": true,
      "requires": {
        "@uifabric/set-version": "^7.0.24",
        "@uifabric/styling": "^7.19.1",
        "tslib": "^1.10.0"
      }
    },
    "@uifabric/merge-styles": {
      "version": "7.19.2",
      "resolved": "https://registry.npmjs.org/@uifabric/merge-styles/-/merge-styles-7.19.2.tgz",
      "integrity": "sha512-kTlhwglDqwVgIaJq+0yXgzi65plGhmFcPrfme/rXUGMJZoU+qlGT5jXj5d3kuI59p6VB8jWEg9DAxHozhYeu0g==",
      "dev": true,
      "requires": {
        "@uifabric/set-version": "^7.0.24",
        "tslib": "^1.10.0"
      }
    },
    "@uifabric/react-hooks": {
      "version": "7.14.0",
      "resolved": "https://registry.npmjs.org/@uifabric/react-hooks/-/react-hooks-7.14.0.tgz",
      "integrity": "sha512-Ndu/DEKHF4gFXEZa2AGgSkdWaj+njVrsSyXbkWRh2UZReFWnH1LMko9p/ZCwk1i9kAd5CUmyIfURUzIEya9YCg==",
      "dev": true,
      "requires": {
        "@fluentui/react-window-provider": "^1.0.2",
        "@uifabric/set-version": "^7.0.24",
        "@uifabric/utilities": "^7.33.5",
        "tslib": "^1.10.0"
      }
    },
    "@uifabric/set-version": {
      "version": "7.0.24",
      "resolved": "https://registry.npmjs.org/@uifabric/set-version/-/set-version-7.0.24.tgz",
      "integrity": "sha512-t0Pt21dRqdC707/ConVJC0WvcQ/KF7tKLU8AZY7YdjgJpMHi1c0C427DB4jfUY19I92f60LOQyhJ4efH+KpFEg==",
      "dev": true,
      "requires": {
        "tslib": "^1.10.0"
      }
    },
    "@uifabric/styling": {
      "version": "7.20.0",
      "resolved": "https://registry.npmjs.org/@uifabric/styling/-/styling-7.20.0.tgz",
      "integrity": "sha512-SoaK5J4cwn8D9DWejRlWo+TmKZaHIiVlkIH+B2zLXE8Uc4ZYcotwYGxaSc1gCA16viLvGQkQU+ieWFq91RxdRw==",
      "dev": true,
      "requires": {
        "@fluentui/theme": "^1.7.4",
        "@microsoft/load-themed-styles": "^1.10.26",
        "@uifabric/merge-styles": "^7.19.2",
        "@uifabric/set-version": "^7.0.24",
        "@uifabric/utilities": "^7.33.5",
        "tslib": "^1.10.0"
      }
    },
    "@uifabric/utilities": {
      "version": "7.33.5",
      "resolved": "https://registry.npmjs.org/@uifabric/utilities/-/utilities-7.33.5.tgz",
      "integrity": "sha512-I+Oi0deD/xltSluFY8l2EVd/J4mvOaMljxKO2knSD9/KoGDlo/o5GN4gbnVo8nIt76HWHLAk3KtlJKJm6BhbIQ==",
      "dev": true,
      "requires": {
        "@fluentui/dom-utilities": "^1.1.2",
        "@uifabric/merge-styles": "^7.19.2",
        "@uifabric/set-version": "^7.0.24",
        "prop-types": "^15.7.2",
        "tslib": "^1.10.0"
      }
    },
    "adal-angular": {
      "version": "1.0.16",
      "resolved": "https://registry.npmjs.org/adal-angular/-/adal-angular-1.0.16.tgz",
      "integrity": "sha1-4rwxvHEqr/ugU6pN1GvITrXSCQ8=",
      "dev": true
    },
    "csstype": {
      "version": "3.0.10",
      "resolved": "https://registry.npmjs.org/csstype/-/csstype-3.0.10.tgz",
      "integrity": "sha512-2u44ZG2OcNUO9HDp/Jl8C07x6pU/eTR3ncV91SiK3dhG9TWvRVsCoJw14Ckx5DgWkzGA3waZWO3d7pgqpUI/XA==",
      "dev": true
    },
    "encoding": {
      "version": "0.1.13",
      "resolved": "https://registry.npmjs.org/encoding/-/encoding-0.1.13.tgz",
      "integrity": "sha512-ETBauow1T35Y/WZMkio9jiM0Z5xjHHmJ4XmjZOq1l/dXz3lr2sRn87nJy20RupqSh1F2m3HHPSp8ShIPQJrJ3A==",
      "dev": true,
      "requires": {
        "iconv-lite": "^0.6.2"
      }
    },
    "es6-promise": {
      "version": "4.2.8",
      "resolved": "https://registry.npmjs.org/es6-promise/-/es6-promise-4.2.8.tgz",
      "integrity": "sha512-HJDGx5daxeIvxdBxvG2cb9g4tEvwIk3i8+nhX0yGrYmZUzbkdg8QbDevheDB8gd0//uPj4c1EQua8Q+MViT0/w==",
      "dev": true
    },
    "iconv-lite": {
      "version": "0.6.3",
      "resolved": "https://registry.npmjs.org/iconv-lite/-/iconv-lite-0.6.3.tgz",
      "integrity": "sha512-4fCk79wshMdzMp2rH06qWrJE4iolqLhCUH+OiuIgU++RB0+94NlDL81atO7GX55uUKueo0txHNtvEyI6D7WdMw==",
      "dev": true,
      "requires": {
        "safer-buffer": ">= 2.1.2 < 3.0.0"
      }
    },
    "is-stream": {
      "version": "1.1.0",
      "resolved": "https://registry.npmjs.org/is-stream/-/is-stream-1.1.0.tgz",
      "integrity": "sha1-EtSj3U5o4Lec6428hBc66A2RykQ=",
      "dev": true
    },
    "isomorphic-fetch": {
      "version": "2.2.1",
      "resolved": "https://registry.npmjs.org/isomorphic-fetch/-/isomorphic-fetch-2.2.1.tgz",
      "integrity": "sha1-YRrhrPFPXoH3KVB0coGf6XM1WKk=",
      "dev": true,
      "requires": {
        "node-fetch": "^1.0.1",
        "whatwg-fetch": ">=0.10.0"
      }
    },
    "js-tokens": {
      "version": "4.0.0",
      "resolved": "https://registry.npmjs.org/js-tokens/-/js-tokens-4.0.0.tgz",
      "integrity": "sha512-RdJUflcE3cUzKiMqQgsCu06FPu9UdIJO0beYbPhHN4k6apgJtifcoCtT9bcxOpYBtpD2kCM6Sbzg4CausW/PKQ==",
      "dev": true
    },
    "loose-envify": {
      "version": "1.4.0",
      "resolved": "https://registry.npmjs.org/loose-envify/-/loose-envify-1.4.0.tgz",
      "integrity": "sha512-lyuxPGr/Wfhrlem2CL/UcnUc1zcqKAImBDzukY7Y5F/yQiNdko6+fRLevlw1HgMySw7f611UIY408EtxRSoK3Q==",
      "dev": true,
      "requires": {
        "js-tokens": "^3.0.0 || ^4.0.0"
      }
    },
    "msal": {
      "version": "1.4.13",
      "resolved": "https://registry.npmjs.org/msal/-/msal-1.4.13.tgz",
      "integrity": "sha512-uFEa4KGlpGqNMwa7/1OQc6WQUF8iwHbaiHMVn0Cl66Ec7o30ZTtX9s9OWrf0wAxp8Mwg0JEE886z/PHpsiZUxQ==",
      "dev": true,
      "requires": {
        "tslib": "^1.9.3"
      }
    },
    "msalLegacy": {
      "version": "npm:msal@1.4.12",
      "resolved": "https://registry.npmjs.org/msal/-/msal-1.4.12.tgz",
      "integrity": "sha512-gjupwQ6nvNL6mZkl5NIXyUmZhTiEMRu5giNdgHMh8l5EPOnV2Xj6nukY1NIxFacSTkEYUSDB47Pej9GxDYf+1w==",
      "dev": true,
      "requires": {
        "tslib": "^1.9.3"
      }
    },
    "node-fetch": {
      "version": "1.7.3",
      "resolved": "https://registry.npmjs.org/node-fetch/-/node-fetch-1.7.3.tgz",
      "integrity": "sha512-NhZ4CsKx7cYm2vSrBAr2PvFOe6sWDf0UYLRqA6svUYg7+/TSfVAu49jYC4BvQ4Sms9SZgdqGBgroqfDhJdTyKQ==",
      "dev": true,
      "requires": {
        "encoding": "^0.1.11",
        "is-stream": "^1.0.1"
      }
    },
    "object-assign": {
      "version": "4.1.1",
      "resolved": "https://registry.npmjs.org/object-assign/-/object-assign-4.1.1.tgz",
      "integrity": "sha1-IQmtx5ZYh8/AXLvUQsrIv7s2CGM=",
      "dev": true
    },
    "office-ui-fabric-react": {
      "version": "7.176.2",
      "resolved": "https://registry.npmjs.org/office-ui-fabric-react/-/office-ui-fabric-react-7.176.2.tgz",
      "integrity": "sha512-ACOgx0ccx93NtRLWJBunJLwVdgIbsnzR/lbn6J+XYTINUrSR4DBZCuNoAzZVi8t1RYd6MnouLyyyEUWneNC9QQ==",
      "dev": true,
      "requires": {
        "@fluentui/date-time-utilities": "^7.9.1",
        "@fluentui/react-focus": "^7.18.0",
        "@fluentui/react-window-provider": "^1.0.2",
        "@microsoft/load-themed-styles": "^1.10.26",
        "@uifabric/foundation": "^7.10.0",
        "@uifabric/icons": "^7.6.0",
        "@uifabric/merge-styles": "^7.19.2",
        "@uifabric/react-hooks": "^7.14.0",
        "@uifabric/set-version": "^7.0.24",
        "@uifabric/styling": "^7.19.1",
        "@uifabric/utilities": "^7.33.5",
        "prop-types": "^15.7.2",
        "tslib": "^1.10.0"
      }
    },
    "prop-types": {
      "version": "15.8.1",
      "resolved": "https://registry.npmjs.org/prop-types/-/prop-types-15.8.1.tgz",
      "integrity": "sha512-oj87CgZICdulUohogVAR7AjlC0327U4el4L6eAvOqCeudMDVU0NThNaV+b9Df4dXgSP1gXMTnPdhfe/2qDH5cg==",
      "dev": true,
      "requires": {
        "loose-envify": "^1.4.0",
        "object-assign": "^4.1.1",
        "react-is": "^16.13.1"
      }
    },
    "react": {
      "version": "16.13.1",
      "resolved": "https://registry.npmjs.org/react/-/react-16.13.1.tgz",
      "integrity": "sha512-YMZQQq32xHLX0bz5Mnibv1/LHb3Sqzngu7xstSM+vrkE5Kzr9xE0yMByK5kMoTK30YVJE61WfbxIFFvfeDKT1w==",
      "dev": true,
      "requires": {
        "loose-envify": "^1.1.0",
        "object-assign": "^4.1.1",
        "prop-types": "^15.6.2"
      }
    },
    "react-dom": {
      "version": "16.13.1",
      "resolved": "https://registry.npmjs.org/react-dom/-/react-dom-16.13.1.tgz",
      "integrity": "sha512-81PIMmVLnCNLO/fFOQxdQkvEq/+Hfpv24XNJfpyZhTRfO0QcmQIF/PgCa1zCOj2w1hrn12MFLyaJ/G0+Mxtfag==",
      "dev": true,
      "requires": {
        "loose-envify": "^1.1.0",
        "object-assign": "^4.1.1",
        "prop-types": "^15.6.2",
        "scheduler": "^0.19.1"
      }
    },
    "react-is": {
      "version": "16.13.1",
      "resolved": "https://registry.npmjs.org/react-is/-/react-is-16.13.1.tgz",
      "integrity": "sha512-24e6ynE2H+OKt4kqsOvNd8kBpV65zoxbA4BVsEOB3ARVWQki/DHzaUoC5KuON/BiccDaCCTZBuOcfZs70kR8bQ==",
      "dev": true
    },
    "safer-buffer": {
      "version": "2.1.2",
      "resolved": "https://registry.npmjs.org/safer-buffer/-/safer-buffer-2.1.2.tgz",
      "integrity": "sha512-YZo3K82SD7Riyi0E1EQPojLz7kpepnSQI9IyPbHHg1XXXevb5dJI7tpyN2ADxGcQbHG7vcyRHk0cbwqcQriUtg==",
      "dev": true
    },
    "scheduler": {
      "version": "0.19.1",
      "resolved": "https://registry.npmjs.org/scheduler/-/scheduler-0.19.1.tgz",
      "integrity": "sha512-n/zwRWRYSUj0/3g/otKDRPMh6qv2SYMWNq85IEa8iZyAv8od9zDYpGSnpBEjNgcMNq6Scbu5KfIPxNF72R/2EA==",
      "dev": true,
      "requires": {
        "loose-envify": "^1.1.0",
        "object-assign": "^4.1.1"
      }
    },
    "tslib": {
      "version": "1.10.0",
      "resolved": "https://registry.npmjs.org/tslib/-/tslib-1.10.0.tgz",
      "integrity": "sha512-qOebF53frne81cf0S9B41ByenJ3/IuH8yJKngAX35CmiZySA0khhkovshKK+jGCaMnVomla7gVlIcc3EvKPbTQ==",
      "dev": true
    },
    "typescript": {
      "version": "3.9.10",
      "resolved": "https://registry.npmjs.org/typescript/-/typescript-3.9.10.tgz",
      "integrity": "sha512-w6fIxVE/H1PkLKcCPsFqKE7Kv7QUwhU8qQY2MueZXWx5cPZdwFupLgKK3vntcK98BtNHZtAF4LA/yl2a7k8R6Q==",
      "dev": true
    },
    "whatwg-fetch": {
      "version": "3.6.2",
      "resolved": "https://registry.npmjs.org/whatwg-fetch/-/whatwg-fetch-3.6.2.tgz",
      "integrity": "sha512-bJlen0FcuU/0EMLrdbJ7zOnW6ITZLrZMIarMUVmdKtsGvZna8vxKYaexICWPfZ8qwf9fzNq+UEIZrnSaApt6RA==",
      "dev": true
    }
  }
}
